
Microsoft Visual Studio Solution File, Format Version 12.00
# Visual Studio Version 16
VisualStudioVersion = 16.0.30717.126
MinimumVisualStudioVersion = 10.0.40219.1
Project("{FAE04EC0-301F-11D3-BF4B-00C04F79EFBC}") = "Entities", "Sources\Entities\Entities.csproj", "{8C0F1FF2-E0C6-45D7-AB40-BB8F548F55DD}"
EndProject
Project("{FAE04EC0-301F-11D3-BF4B-00C04F79EFBC}") = "CliOfLogKyokuPng", "Sources\UiOfLogKyokuPng\CliOfLogKyokuPng.csproj", "{BD194834-B536-4B5B-931E-54349F197E95}"
EndProject
Project("{FAE04EC0-301F-11D3-BF4B-00C04F79EFBC}") = "GuiOfKifuCsa", "Sources\GuiOfKifuCsa\GuiOfKifuCsa.csproj", "{1D106BF4-928F-4A3C-86EA-C3F532B1ADC9}"
EndProject
Project("{FAE04EC0-301F-11D3-BF4B-00C04F79EFBC}") = "UseCases", "Sources\UseCases\UseCases.csproj", "{95FCED87-BEF9-4384-A7B6-1A63A6A74110}"
EndProject
Project("{FAE04EC0-301F-11D3-BF4B-00C04F79EFBC}") = "Engine", "Sources\Engine\Engine.csproj", "{E410EAAA-154F-4965-A396-BFE465F4A4BE}"
EndProject
Project("{FAE04EC0-301F-11D3-BF4B-00C04F79EFBC}") = "GuiOfCsharp", "Sources\GuiOfCsharp\GuiOfCsharp.csproj", "{95706EDA-5FA5-47A4-8CF3-4D43B2AD4B68}"
EndProject
Project("{FAE04EC0-301F-11D3-BF4B-00C04F79EFBC}") = "GuiOfFvWriter", "Sources\GuiOfFvWriter\GuiOfFvWriter.csproj", "{C80CB1C4-0342-49B7-AE17-FC9ECB02C379}"
EndProject
Project("{FAE04EC0-301F-11D3-BF4B-00C04F79EFBC}") = "GuiOfFvLearn", "Sources\GuiOfFvLearn\GuiOfFvLearn.csproj", "{79BEDBBA-10AE-4874-9A2A-C4DA64C3B83C}"
EndProject
Project("{FAE04EC0-301F-11D3-BF4B-00C04F79EFBC}") = "CliOfSigmoidTest", "Sources\UiOfSigmoidTest\CliOfSigmoidTest.csproj", "{121AFB40-1460-48BB-961B-4B6E5DD43F89}"
EndProject
Project("{FAE04EC0-301F-11D3-BF4B-00C04F79EFBC}") = "GuiOfLuaTest", "Sources\GuiOfLuaTest\GuiOfLuaTest.csproj", "{F5C10086-0CEE-4728-B458-1DA558A551A1}"
EndProject
Project("{FAE04EC0-301F-11D3-BF4B-00C04F79EFBC}") = "GuiOfSgSyugoTest", "Sources\GuiOfSgSyugoTest\GuiOfSgSyugoTest.csproj", "{02662BC9-BA9E-44F6-A823-2F2F24B317B6}"
EndProject
Project("{FAE04EC0-301F-11D3-BF4B-00C04F79EFBC}") = "GuiOfCsharpVs", "Sources\GuiOfCsharpVs\GuiOfCsharpVs.csproj", "{DE171E48-E284-4FA6-9AEA-476D69C5D21A}"
EndProject
Project("{FAE04EC0-301F-11D3-BF4B-00C04F79EFBC}") = "GuiOfSpeedKeisok", "Sources\GuiOfSpeedKeisok\GuiOfSpeedKeisok.csproj", "{B3903F44-1204-4E98-AF43-2D783BC92F78}"
EndProject
Project("{FAE04EC0-301F-11D3-BF4B-00C04F79EFBC}") = "GuiOfUtifuduTest", "Sources\GuiOfUtifuduTest\GuiOfUtifuduTest.csproj", "{573E2FFE-1007-42D4-9D87-27E9E03A226E}"
EndProject
Project("{FAE04EC0-301F-11D3-BF4B-00C04F79EFBC}") = "CliOfAims", "Sources\GuiOfAims\CliOfAims.csproj", "{EA7961EF-2C8B-42B5-BE7E-72B5DB99B333}"
EndProject
Global
	GlobalSection(SolutionConfigurationPlatforms) = preSolution
		Debug|Any CPU = Debug|Any CPU
		Debug|x64 = Debug|x64
		Learn|Any CPU = Learn|Any CPU
		Learn|x64 = Learn|x64
		Release|Any CPU = Release|Any CPU
		Release|x64 = Release|x64
	EndGlobalSection
	GlobalSection(ProjectConfigurationPlatforms) = postSolution
		{8C0F1FF2-E0C6-45D7-AB40-BB8F548F55DD}.Debug|Any CPU.ActiveCfg = Debug|Any CPU
		{8C0F1FF2-E0C6-45D7-AB40-BB8F548F55DD}.Debug|Any CPU.Build.0 = Debug|Any CPU
		{8C0F1FF2-E0C6-45D7-AB40-BB8F548F55DD}.Debug|x64.ActiveCfg = Debug|x64
		{8C0F1FF2-E0C6-45D7-AB40-BB8F548F55DD}.Debug|x64.Build.0 = Debug|x64
		{8C0F1FF2-E0C6-45D7-AB40-BB8F548F55DD}.Learn|Any CPU.ActiveCfg = Learn|Any CPU
		{8C0F1FF2-E0C6-45D7-AB40-BB8F548F55DD}.Learn|Any CPU.Build.0 = Learn|Any CPU
		{8C0F1FF2-E0C6-45D7-AB40-BB8F548F55DD}.Learn|x64.ActiveCfg = Learn|x64
		{8C0F1FF2-E0C6-45D7-AB40-BB8F548F55DD}.Learn|x64.Build.0 = Learn|x64
		{8C0F1FF2-E0C6-45D7-AB40-BB8F548F55DD}.Release|Any CPU.ActiveCfg = Release|Any CPU
		{8C0F1FF2-E0C6-45D7-AB40-BB8F548F55DD}.Release|Any CPU.Build.0 = Release|Any CPU
		{8C0F1FF2-E0C6-45D7-AB40-BB8F548F55DD}.Release|x64.ActiveCfg = Release|x64
		{8C0F1FF2-E0C6-45D7-AB40-BB8F548F55DD}.Release|x64.Build.0 = Release|x64
		{BD194834-B536-4B5B-931E-54349F197E95}.Debug|Any CPU.ActiveCfg = Debug|Any CPU
		{BD194834-B536-4B5B-931E-54349F197E95}.Debug|Any CPU.Build.0 = Debug|Any CPU
		{BD194834-B536-4B5B-931E-54349F197E95}.Debug|x64.ActiveCfg = Debug|x64
		{BD194834-B536-4B5B-931E-54349F197E95}.Debug|x64.Build.0 = Debug|x64
		{BD194834-B536-4B5B-931E-54349F197E95}.Learn|Any CPU.ActiveCfg = Learn|Any CPU
		{BD194834-B536-4B5B-931E-54349F197E95}.Learn|Any CPU.Build.0 = Learn|Any CPU
		{BD194834-B536-4B5B-931E-54349F197E95}.Learn|x64.ActiveCfg = Learn|x64
		{BD194834-B536-4B5B-931E-54349F197E95}.Learn|x64.Build.0 = Learn|x64
		{BD194834-B536-4B5B-931E-54349F197E95}.Release|Any CPU.ActiveCfg = Release|Any CPU
		{BD194834-B536-4B5B-931E-54349F197E95}.Release|Any CPU.Build.0 = Release|Any CPU
		{BD194834-B536-4B5B-931E-54349F197E95}.Release|x64.ActiveCfg = Release|x64
		{BD194834-B536-4B5B-931E-54349F197E95}.Release|x64.Build.0 = Release|x64
		{1D106BF4-928F-4A3C-86EA-C3F532B1ADC9}.Debug|Any CPU.ActiveCfg = Debug|Any CPU
		{1D106BF4-928F-4A3C-86EA-C3F532B1ADC9}.Debug|Any CPU.Build.0 = Debug|Any CPU
		{1D106BF4-928F-4A3C-86EA-C3F532B1ADC9}.Debug|x64.ActiveCfg = Debug|x64
		{1D106BF4-928F-4A3C-86EA-C3F532B1ADC9}.Debug|x64.Build.0 = Debug|x64
		{1D106BF4-928F-4A3C-86EA-C3F532B1ADC9}.Learn|Any CPU.ActiveCfg = Learn|Any CPU
		{1D106BF4-928F-4A3C-86EA-C3F532B1ADC9}.Learn|Any CPU.Build.0 = Learn|Any CPU
		{1D106BF4-928F-4A3C-86EA-C3F532B1ADC9}.Learn|x64.ActiveCfg = Learn|x64
		{1D106BF4-928F-4A3C-86EA-C3F532B1ADC9}.Learn|x64.Build.0 = Learn|x64
		{1D106BF4-928F-4A3C-86EA-C3F532B1ADC9}.Release|Any CPU.ActiveCfg = Release|Any CPU
		{1D106BF4-928F-4A3C-86EA-C3F532B1ADC9}.Release|Any CPU.Build.0 = Release|Any CPU
		{1D106BF4-928F-4A3C-86EA-C3F532B1ADC9}.Release|x64.ActiveCfg = Release|x64
		{1D106BF4-928F-4A3C-86EA-C3F532B1ADC9}.Release|x64.Build.0 = Release|x64
		{95FCED87-BEF9-4384-A7B6-1A63A6A74110}.Debug|Any CPU.ActiveCfg = Debug|Any CPU
		{95FCED87-BEF9-4384-A7B6-1A63A6A74110}.Debug|Any CPU.Build.0 = Debug|Any CPU
		{95FCED87-BEF9-4384-A7B6-1A63A6A74110}.Debug|x64.ActiveCfg = Debug|x64
		{95FCED87-BEF9-4384-A7B6-1A63A6A74110}.Debug|x64.Build.0 = Debug|x64
		{95FCED87-BEF9-4384-A7B6-1A63A6A74110}.Learn|Any CPU.ActiveCfg = Learn|Any CPU
		{95FCED87-BEF9-4384-A7B6-1A63A6A74110}.Learn|Any CPU.Build.0 = Learn|Any CPU
		{95FCED87-BEF9-4384-A7B6-1A63A6A74110}.Learn|x64.ActiveCfg = Learn|x64
		{95FCED87-BEF9-4384-A7B6-1A63A6A74110}.Learn|x64.Build.0 = Learn|x64
		{95FCED87-BEF9-4384-A7B6-1A63A6A74110}.Release|Any CPU.ActiveCfg = Release|Any CPU
		{95FCED87-BEF9-4384-A7B6-1A63A6A74110}.Release|Any CPU.Build.0 = Release|Any CPU
		{95FCED87-BEF9-4384-A7B6-1A63A6A74110}.Release|x64.ActiveCfg = Release|x64
		{95FCED87-BEF9-4384-A7B6-1A63A6A74110}.Release|x64.Build.0 = Release|x64
		{E410EAAA-154F-4965-A396-BFE465F4A4BE}.Debug|Any CPU.ActiveCfg = Debug|Any CPU
		{E410EAAA-154F-4965-A396-BFE465F4A4BE}.Debug|Any CPU.Build.0 = Debug|Any CPU
		{E410EAAA-154F-4965-A396-BFE465F4A4BE}.Debug|x64.ActiveCfg = Debug|x64
		{E410EAAA-154F-4965-A396-BFE465F4A4BE}.Debug|x64.Build.0 = Debug|x64
		{E410EAAA-154F-4965-A396-BFE465F4A4BE}.Learn|Any CPU.ActiveCfg = Learn|Any CPU
		{E410EAAA-154F-4965-A396-BFE465F4A4BE}.Learn|Any CPU.Build.0 = Learn|Any CPU
		{E410EAAA-154F-4965-A396-BFE465F4A4BE}.Learn|x64.ActiveCfg = Learn|x64
		{E410EAAA-154F-4965-A396-BFE465F4A4BE}.Learn|x64.Build.0 = Learn|x64
		{E410EAAA-154F-4965-A396-BFE465F4A4BE}.Release|Any CPU.ActiveCfg = Release|Any CPU
		{E410EAAA-154F-4965-A396-BFE465F4A4BE}.Release|Any CPU.Build.0 = Release|Any CPU
		{E410EAAA-154F-4965-A396-BFE465F4A4BE}.Release|x64.ActiveCfg = Release|x64
		{E410EAAA-154F-4965-A396-BFE465F4A4BE}.Release|x64.Build.0 = Release|x64
		{95706EDA-5FA5-47A4-8CF3-4D43B2AD4B68}.Debug|Any CPU.ActiveCfg = Debug|Any CPU
		{95706EDA-5FA5-47A4-8CF3-4D43B2AD4B68}.Debug|Any CPU.Build.0 = Debug|Any CPU
		{95706EDA-5FA5-47A4-8CF3-4D43B2AD4B68}.Debug|x64.ActiveCfg = Debug|x64
		{95706EDA-5FA5-47A4-8CF3-4D43B2AD4B68}.Debug|x64.Build.0 = Debug|x64
		{95706EDA-5FA5-47A4-8CF3-4D43B2AD4B68}.Learn|Any CPU.ActiveCfg = Learn|Any CPU
		{95706EDA-5FA5-47A4-8CF3-4D43B2AD4B68}.Learn|Any CPU.Build.0 = Learn|Any CPU
		{95706EDA-5FA5-47A4-8CF3-4D43B2AD4B68}.Learn|x64.ActiveCfg = Learn|x64
		{95706EDA-5FA5-47A4-8CF3-4D43B2AD4B68}.Learn|x64.Build.0 = Learn|x64
		{95706EDA-5FA5-47A4-8CF3-4D43B2AD4B68}.Release|Any CPU.ActiveCfg = Release|Any CPU
		{95706EDA-5FA5-47A4-8CF3-4D43B2AD4B68}.Release|Any CPU.Build.0 = Release|Any CPU
		{95706EDA-5FA5-47A4-8CF3-4D43B2AD4B68}.Release|x64.ActiveCfg = Release|x64
		{95706EDA-5FA5-47A4-8CF3-4D43B2AD4B68}.Release|x64.Build.0 = Release|x64
		{C80CB1C4-0342-49B7-AE17-FC9ECB02C379}.Debug|Any CPU.ActiveCfg = Debug|Any CPU
		{C80CB1C4-0342-49B7-AE17-FC9ECB02C379}.Debug|Any CPU.Build.0 = Debug|Any CPU
		{C80CB1C4-0342-49B7-AE17-FC9ECB02C379}.Debug|x64.ActiveCfg = Debug|x64
		{C80CB1C4-0342-49B7-AE17-FC9ECB02C379}.Debug|x64.Build.0 = Debug|x64
		{C80CB1C4-0342-49B7-AE17-FC9ECB02C379}.Learn|Any CPU.ActiveCfg = Learn|Any CPU
		{C80CB1C4-0342-49B7-AE17-FC9ECB02C379}.Learn|Any CPU.Build.0 = Learn|Any CPU
		{C80CB1C4-0342-49B7-AE17-FC9ECB02C379}.Learn|x64.ActiveCfg = Learn|x64
		{C80CB1C4-0342-49B7-AE17-FC9ECB02C379}.Learn|x64.Build.0 = Learn|x64
		{C80CB1C4-0342-49B7-AE17-FC9ECB02C379}.Release|Any CPU.ActiveCfg = Release|Any CPU
		{C80CB1C4-0342-49B7-AE17-FC9ECB02C379}.Release|Any CPU.Build.0 = Release|Any CPU
		{C80CB1C4-0342-49B7-AE17-FC9ECB02C379}.Release|x64.ActiveCfg = Release|x64
		{C80CB1C4-0342-49B7-AE17-FC9ECB02C379}.Release|x64.Build.0 = Release|x64
		{79BEDBBA-10AE-4874-9A2A-C4DA64C3B83C}.Debug|Any CPU.ActiveCfg = Debug|Any CPU
		{79BEDBBA-10AE-4874-9A2A-C4DA64C3B83C}.Debug|Any CPU.Build.0 = Debug|Any CPU
		{79BEDBBA-10AE-4874-9A2A-C4DA64C3B83C}.Debug|x64.ActiveCfg = Debug|x64
		{79BEDBBA-10AE-4874-9A2A-C4DA64C3B83C}.Debug|x64.Build.0 = Debug|x64
		{79BEDBBA-10AE-4874-9A2A-C4DA64C3B83C}.Learn|Any CPU.ActiveCfg = Learn|Any CPU
		{79BEDBBA-10AE-4874-9A2A-C4DA64C3B83C}.Learn|Any CPU.Build.0 = Learn|Any CPU
		{79BEDBBA-10AE-4874-9A2A-C4DA64C3B83C}.Learn|x64.ActiveCfg = Learn|x64
		{79BEDBBA-10AE-4874-9A2A-C4DA64C3B83C}.Learn|x64.Build.0 = Learn|x64
		{79BEDBBA-10AE-4874-9A2A-C4DA64C3B83C}.Release|Any CPU.ActiveCfg = Release|Any CPU
		{79BEDBBA-10AE-4874-9A2A-C4DA64C3B83C}.Release|Any CPU.Build.0 = Release|Any CPU
		{79BEDBBA-10AE-4874-9A2A-C4DA64C3B83C}.Release|x64.ActiveCfg = Release|x64
		{79BEDBBA-10AE-4874-9A2A-C4DA64C3B83C}.Release|x64.Build.0 = Release|x64
		{121AFB40-1460-48BB-961B-4B6E5DD43F89}.Debug|Any CPU.ActiveCfg = Debug|Any CPU
		{121AFB40-1460-48BB-961B-4B6E5DD43F89}.Debug|Any CPU.Build.0 = Debug|Any CPU
		{121AFB40-1460-48BB-961B-4B6E5DD43F89}.Debug|x64.ActiveCfg = Debug|x64
		{121AFB40-1460-48BB-961B-4B6E5DD43F89}.Debug|x64.Build.0 = Debug|x64
		{121AFB40-1460-48BB-961B-4B6E5DD43F89}.Learn|Any CPU.ActiveCfg = Learn|Any CPU
		{121AFB40-1460-48BB-961B-4B6E5DD43F89}.Learn|Any CPU.Build.0 = Learn|Any CPU
		{121AFB40-1460-48BB-961B-4B6E5DD43F89}.Learn|x64.ActiveCfg = Learn|x64
		{121AFB40-1460-48BB-961B-4B6E5DD43F89}.Learn|x64.Build.0 = Learn|x64
		{121AFB40-1460-48BB-961B-4B6E5DD43F89}.Release|Any CPU.ActiveCfg = Release|Any CPU
		{121AFB40-1460-48BB-961B-4B6E5DD43F89}.Release|Any CPU.Build.0 = Release|Any CPU
		{121AFB40-1460-48BB-961B-4B6E5DD43F89}.Release|x64.ActiveCfg = Release|x64
		{121AFB40-1460-48BB-961B-4B6E5DD43F89}.Release|x64.Build.0 = Release|x64
		{F5C10086-0CEE-4728-B458-1DA558A551A1}.Debug|Any CPU.ActiveCfg = Debug|Any CPU
		{F5C10086-0CEE-4728-B458-1DA558A551A1}.Debug|Any CPU.Build.0 = Debug|Any CPU
		{F5C10086-0CEE-4728-B458-1DA558A551A1}.Debug|x64.ActiveCfg = Debug|x64
		{F5C10086-0CEE-4728-B458-1DA558A551A1}.Debug|x64.Build.0 = Debug|x64
		{F5C10086-0CEE-4728-B458-1DA558A551A1}.Learn|Any CPU.ActiveCfg = Learn|Any CPU
		{F5C10086-0CEE-4728-B458-1DA558A551A1}.Learn|Any CPU.Build.0 = Learn|Any CPU
		{F5C10086-0CEE-4728-B458-1DA558A551A1}.Learn|x64.ActiveCfg = Learn|x64
		{F5C10086-0CEE-4728-B458-1DA558A551A1}.Learn|x64.Build.0 = Learn|x64
		{F5C10086-0CEE-4728-B458-1DA558A551A1}.Release|Any CPU.ActiveCfg = Release|Any CPU
		{F5C10086-0CEE-4728-B458-1DA558A551A1}.Release|Any CPU.Build.0 = Release|Any CPU
		{F5C10086-0CEE-4728-B458-1DA558A551A1}.Release|x64.ActiveCfg = Release|x64
		{F5C10086-0CEE-4728-B458-1DA558A551A1}.Release|x64.Build.0 = Release|x64
		{02662BC9-BA9E-44F6-A823-2F2F24B317B6}.Debug|Any CPU.ActiveCfg = Debug|Any CPU
		{02662BC9-BA9E-44F6-A823-2F2F24B317B6}.Debug|Any CPU.Build.0 = Debug|Any CPU
		{02662BC9-BA9E-44F6-A823-2F2F24B317B6}.Debug|x64.ActiveCfg = Debug|x64
		{02662BC9-BA9E-44F6-A823-2F2F24B317B6}.Debug|x64.Build.0 = Debug|x64
		{02662BC9-BA9E-44F6-A823-2F2F24B317B6}.Learn|Any CPU.ActiveCfg = Learn|Any CPU
		{02662BC9-BA9E-44F6-A823-2F2F24B317B6}.Learn|Any CPU.Build.0 = Learn|Any CPU
		{02662BC9-BA9E-44F6-A823-2F2F24B317B6}.Learn|x64.ActiveCfg = Learn|x64
		{02662BC9-BA9E-44F6-A823-2F2F24B317B6}.Learn|x64.Build.0 = Learn|x64
		{02662BC9-BA9E-44F6-A823-2F2F24B317B6}.Release|Any CPU.ActiveCfg = Release|Any CPU
		{02662BC9-BA9E-44F6-A823-2F2F24B317B6}.Release|Any CPU.Build.0 = Release|Any CPU
		{02662BC9-BA9E-44F6-A823-2F2F24B317B6}.Release|x64.ActiveCfg = Release|x64
		{02662BC9-BA9E-44F6-A823-2F2F24B317B6}.Release|x64.Build.0 = Release|x64
		{DE171E48-E284-4FA6-9AEA-476D69C5D21A}.Debug|Any CPU.ActiveCfg = Debug|Any CPU
		{DE171E48-E284-4FA6-9AEA-476D69C5D21A}.Debug|Any CPU.Build.0 = Debug|Any CPU
		{DE171E48-E284-4FA6-9AEA-476D69C5D21A}.Debug|x64.ActiveCfg = Debug|x64
		{DE171E48-E284-4FA6-9AEA-476D69C5D21A}.Debug|x64.Build.0 = Debug|x64
		{DE171E48-E284-4FA6-9AEA-476D69C5D21A}.Learn|Any CPU.ActiveCfg = Learn|Any CPU
		{DE171E48-E284-4FA6-9AEA-476D69C5D21A}.Learn|Any CPU.Build.0 = Learn|Any CPU
		{DE171E48-E284-4FA6-9AEA-476D69C5D21A}.Learn|x64.ActiveCfg = Learn|x64
		{DE171E48-E284-4FA6-9AEA-476D69C5D21A}.Learn|x64.Build.0 = Learn|x64
		{DE171E48-E284-4FA6-9AEA-476D69C5D21A}.Release|Any CPU.ActiveCfg = Release|Any CPU
		{DE171E48-E284-4FA6-9AEA-476D69C5D21A}.Release|Any CPU.Build.0 = Release|Any CPU
		{DE171E48-E284-4FA6-9AEA-476D69C5D21A}.Release|x64.ActiveCfg = Release|x64
		{DE171E48-E284-4FA6-9AEA-476D69C5D21A}.Release|x64.Build.0 = Release|x64
		{B3903F44-1204-4E98-AF43-2D783BC92F78}.Debug|Any CPU.ActiveCfg = Debug|Any CPU
		{B3903F44-1204-4E98-AF43-2D783BC92F78}.Debug|Any CPU.Build.0 = Debug|Any CPU
		{B3903F44-1204-4E98-AF43-2D783BC92F78}.Debug|x64.ActiveCfg = Debug|x64
		{B3903F44-1204-4E98-AF43-2D783BC92F78}.Debug|x64.Build.0 = Debug|x64
		{B3903F44-1204-4E98-AF43-2D783BC92F78}.Learn|Any CPU.ActiveCfg = Learn|Any CPU
		{B3903F44-1204-4E98-AF43-2D783BC92F78}.Learn|Any CPU.Build.0 = Learn|Any CPU
		{B3903F44-1204-4E98-AF43-2D783BC92F78}.Learn|x64.ActiveCfg = Learn|x64
		{B3903F44-1204-4E98-AF43-2D783BC92F78}.Learn|x64.Build.0 = Learn|x64
		{B3903F44-1204-4E98-AF43-2D783BC92F78}.Release|Any CPU.ActiveCfg = Release|Any CPU
		{B3903F44-1204-4E98-AF43-2D783BC92F78}.Release|Any CPU.Build.0 = Release|Any CPU
		{B3903F44-1204-4E98-AF43-2D783BC92F78}.Release|x64.ActiveCfg = Release|x64
		{B3903F44-1204-4E98-AF43-2D783BC92F78}.Release|x64.Build.0 = Release|x64
		{573E2FFE-1007-42D4-9D87-27E9E03A226E}.Debug|Any CPU.ActiveCfg = Debug|Any CPU
		{573E2FFE-1007-42D4-9D87-27E9E03A226E}.Debug|Any CPU.Build.0 = Debug|Any CPU
		{573E2FFE-1007-42D4-9D87-27E9E03A226E}.Debug|x64.ActiveCfg = Debug|x64
		{573E2FFE-1007-42D4-9D87-27E9E03A226E}.Debug|x64.Build.0 = Debug|x64
		{573E2FFE-1007-42D4-9D87-27E9E03A226E}.Learn|Any CPU.ActiveCfg = Learn|Any CPU
		{573E2FFE-1007-42D4-9D87-27E9E03A226E}.Learn|Any CPU.Build.0 = Learn|Any CPU
		{573E2FFE-1007-42D4-9D87-27E9E03A226E}.Learn|x64.ActiveCfg = Learn|x64
		{573E2FFE-1007-42D4-9D87-27E9E03A226E}.Learn|x64.Build.0 = Learn|x64
		{573E2FFE-1007-42D4-9D87-27E9E03A226E}.Release|Any CPU.ActiveCfg = Release|Any CPU
		{573E2FFE-1007-42D4-9D87-27E9E03A226E}.Release|Any CPU.Build.0 = Release|Any CPU
		{573E2FFE-1007-42D4-9D87-27E9E03A226E}.Release|x64.ActiveCfg = Release|x64
		{573E2FFE-1007-42D4-9D87-27E9E03A226E}.Release|x64.Build.0 = Release|x64
		{EA7961EF-2C8B-42B5-BE7E-72B5DB99B333}.Debug|Any CPU.ActiveCfg = Debug|Any CPU
		{EA7961EF-2C8B-42B5-BE7E-72B5DB99B333}.Debug|Any CPU.Build.0 = Debug|Any CPU
		{EA7961EF-2C8B-42B5-BE7E-72B5DB99B333}.Debug|x64.ActiveCfg = Debug|x64
		{EA7961EF-2C8B-42B5-BE7E-72B5DB99B333}.Debug|x64.Build.0 = Debug|x64
		{EA7961EF-2C8B-42B5-BE7E-72B5DB99B333}.Learn|Any CPU.ActiveCfg = Learn|Any CPU
		{EA7961EF-2C8B-42B5-BE7E-72B5DB99B333}.Learn|Any CPU.Build.0 = Learn|Any CPU
		{EA7961EF-2C8B-42B5-BE7E-72B5DB99B333}.Learn|x64.ActiveCfg = Learn|x64
		{EA7961EF-2C8B-42B5-BE7E-72B5DB99B333}.Learn|x64.Build.0 = Learn|x64
		{EA7961EF-2C8B-42B5-BE7E-72B5DB99B333}.Release|Any CPU.ActiveCfg = Release|Any CPU
		{EA7961EF-2C8B-42B5-BE7E-72B5DB99B333}.Release|Any CPU.Build.0 = Release|Any CPU
		{EA7961EF-2C8B-42B5-BE7E-72B5DB99B333}.Release|x64.ActiveCfg = Release|x64
		{EA7961EF-2C8B-42B5-BE7E-72B5DB99B333}.Release|x64.Build.0 = Release|x64
	EndGlobalSection
	GlobalSection(SolutionProperties) = preSolution
		HideSolutionNode = FALSE
	EndGlobalSection
	GlobalSection(ExtensibilityGlobals) = postSolution
		SolutionGuid = {EAB08335-DFCD-48A4-A347-2A00E622B915}
	EndGlobalSection
EndGlobal
